// !$*UTF8*$!
{
	archiveVersion = 1;
	classes = {
	};
	objectVersion = 55;
	objects = {

/* Begin PBXBuildFile section */
		7E68F11828D1EFA200F63982 /* banco_bradescoApp.swift in Sources */ = {isa = PBXBuildFile; fileRef = 7E68F10828D1EFA000F63982 /* banco_bradescoApp.swift */; };
		7E68F11928D1EFA200F63982 /* banco_bradescoApp.swift in Sources */ = {isa = PBXBuildFile; fileRef = 7E68F10828D1EFA000F63982 /* banco_bradescoApp.swift */; };
		7E68F11A28D1EFA200F63982 /* ContentView.swift in Sources */ = {isa = PBXBuildFile; fileRef = 7E68F10928D1EFA000F63982 /* ContentView.swift */; };
		7E68F11B28D1EFA200F63982 /* ContentView.swift in Sources */ = {isa = PBXBuildFile; fileRef = 7E68F10928D1EFA000F63982 /* ContentView.swift */; };
		7E68F11C28D1EFA200F63982 /* Assets.xcassets in Resources */ = {isa = PBXBuildFile; fileRef = 7E68F10A28D1EFA200F63982 /* Assets.xcassets */; };
		7E68F11D28D1EFA200F63982 /* Assets.xcassets in Resources */ = {isa = PBXBuildFile; fileRef = 7E68F10A28D1EFA200F63982 /* Assets.xcassets */; };
		7E68F12A28D213AF00F63982 /* MainTabView.swift in Sources */ = {isa = PBXBuildFile; fileRef = 7E68F12928D213AF00F63982 /* MainTabView.swift */; };
		7E68F12B28D213AF00F63982 /* MainTabView.swift in Sources */ = {isa = PBXBuildFile; fileRef = 7E68F12928D213AF00F63982 /* MainTabView.swift */; };
/* End PBXBuildFile section */

/* Begin PBXFileReference section */
		7E68F10828D1EFA000F63982 /* banco_bradescoApp.swift */ = {isa = PBXFileReference; lastKnownFileType = sourcecode.swift; path = banco_bradescoApp.swift; sourceTree = "<group>"; };
		7E68F10928D1EFA000F63982 /* ContentView.swift */ = {isa = PBXFileReference; lastKnownFileType = sourcecode.swift; path = ContentView.swift; sourceTree = "<group>"; };
		7E68F10A28D1EFA200F63982 /* Assets.xcassets */ = {isa = PBXFileReference; lastKnownFileType = folder.assetcatalog; path = Assets.xcassets; sourceTree = "<group>"; };
		7E68F10F28D1EFA200F63982 /* banco-layout.app */ = {isa = PBXFileReference; explicitFileType = wrapper.application; includeInIndex = 0; path = "banco-layout.app"; sourceTree = BUILT_PRODUCTS_DIR; };
		7E68F11528D1EFA200F63982 /* banco-bradesco.app */ = {isa = PBXFileReference; explicitFileType = wrapper.application; includeInIndex = 0; path = "banco-bradesco.app"; sourceTree = BUILT_PRODUCTS_DIR; };
		7E68F11728D1EFA200F63982 /* macOS.entitlements */ = {isa = PBXFileReference; lastKnownFileType = text.plist.entitlements; path = macOS.entitlements; sourceTree = "<group>"; };
		7E68F12928D213AF00F63982 /* MainTabView.swift */ = {isa = PBXFileReference; lastKnownFileType = sourcecode.swift; path = MainTabView.swift; sourceTree = "<group>"; };
/* End PBXFileReference section */

/* Begin PBXFrameworksBuildPhase section */
		7E68F10C28D1EFA200F63982 /* Frameworks */ = {
			isa = PBXFrameworksBuildPhase;
			buildActionMask = 2147483647;
			files = (
			);
			runOnlyForDeploymentPostprocessing = 0;
		};
		7E68F11228D1EFA200F63982 /* Frameworks */ = {
			isa = PBXFrameworksBuildPhase;
			buildActionMask = 2147483647;
			files = (
			);
			runOnlyForDeploymentPostprocessing = 0;
		};
/* End PBXFrameworksBuildPhase section */

/* Begin PBXGroup section */
		7E68F10228D1EFA000F63982 = {
			isa = PBXGroup;
			children = (
				7E68F10728D1EFA000F63982 /* Shared */,
				7E68F11628D1EFA200F63982 /* macOS */,
				7E68F11028D1EFA200F63982 /* Products */,
			);
			sourceTree = "<group>";
		};
		7E68F10728D1EFA000F63982 /* Shared */ = {
			isa = PBXGroup;
			children = (
				7E68F10828D1EFA000F63982 /* banco_bradescoApp.swift */,
				7E68F10928D1EFA000F63982 /* ContentView.swift */,
				7E68F10A28D1EFA200F63982 /* Assets.xcassets */,
				7E68F12928D213AF00F63982 /* MainTabView.swift */,
			);
			path = Shared;
			sourceTree = "<group>";
		};
		7E68F11028D1EFA200F63982 /* Products */ = {
			isa = PBXGroup;
			children = (
				7E68F10F28D1EFA200F63982 /* banco-layout.app */,
				7E68F11528D1EFA200F63982 /* banco-bradesco.app */,
			);
			name = Products;
			sourceTree = "<group>";
		};
		7E68F11628D1EFA200F63982 /* macOS */ = {
			isa = PBXGroup;
			children = (
				7E68F11728D1EFA200F63982 /* macOS.entitlements */,
			);
			path = macOS;
			sourceTree = "<group>";
		};
/* End PBXGroup section */

/* Begin PBXNativeTarget section */
		7E68F10E28D1EFA200F63982 /* banco-bradesco (iOS) */ = {
			isa = PBXNativeTarget;
			buildConfigurationList = 7E68F12028D1EFA200F63982 /* Build configuration list for PBXNativeTarget "banco-bradesco (iOS)" */;
			buildPhases = (
				7E68F10B28D1EFA200F63982 /* Sources */,
				7E68F10C28D1EFA200F63982 /* Frameworks */,
				7E68F10D28D1EFA200F63982 /* Resources */,
			);
			buildRules = (
			);
			dependencies = (
			);
			name = "banco-bradesco (iOS)";
			productName = "banco-bradesco (iOS)";
			productReference = 7E68F10F28D1EFA200F63982 /* banco-layout.app */;
			productType = "com.apple.product-type.application";
		};
		7E68F11428D1EFA200F63982 /* banco-bradesco (macOS) */ = {
			isa = PBXNativeTarget;
			buildConfigurationList = 7E68F12328D1EFA200F63982 /* Build configuration list for PBXNativeTarget "banco-bradesco (macOS)" */;
			buildPhases = (
				7E68F11128D1EFA200F63982 /* Sources */,
				7E68F11228D1EFA200F63982 /* Frameworks */,
				7E68F11328D1EFA200F63982 /* Resources */,
			);
			buildRules = (
			);
			dependencies = (
			);
			name = "banco-bradesco (macOS)";
			productName = "banco-bradesco (macOS)";
			productReference = 7E68F11528D1EFA200F63982 /* banco-bradesco.app */;
			productType = "com.apple.product-type.application";
		};
/* End PBXNativeTarget section */

/* Begin PBXProject section */
		7E68F10328D1EFA000F63982 /* Project object */ = {
			isa = PBXProject;
			attributes = {
				BuildIndependentTargetsInParallel = 1;
				LastSwiftUpdateCheck = 1340;
				LastUpgradeCheck = 1340;
				TargetAttributes = {
					7E68F10E28D1EFA200F63982 = {
						CreatedOnToolsVersion = 13.4.1;
					};
					7E68F11428D1EFA200F63982 = {
						CreatedOnToolsVersion = 13.4.1;
					};
				};
			};
			buildConfigurationList = 7E68F10628D1EFA000F63982 /* Build configuration list for PBXProject "banco-bradesco" */;
			compatibilityVersion = "Xcode 13.0";
			developmentRegion = en;
			hasScannedForEncodings = 0;
			knownRegions = (
				en,
				Base,
			);
			mainGroup = 7E68F10228D1EFA000F63982;
			productRefGroup = 7E68F11028D1EFA200F63982 /* Products */;
			projectDirPath = "";
			projectRoot = "";
			targets = (
				7E68F10E28D1EFA200F63982 /* banco-bradesco (iOS) */,
				7E68F11428D1EFA200F63982 /* banco-bradesco (macOS) */,
			);
		};
/* End PBXProject section */

/* Begin PBXResourcesBuildPhase section */
		7E68F10D28D1EFA200F63982 /* Resources */ = {
			isa = PBXResourcesBuildPhase;
			buildActionMask = 2147483647;
			files = (
				7E68F11C28D1EFA200F63982 /* Assets.xcassets in Resources */,
			);
			runOnlyForDeploymentPostprocessing = 0;
		};
		7E68F11328D1EFA200F63982 /* Resources */ = {
			isa = PBXResourcesBuildPhase;
			buildActionMask = 2147483647;
			files = (
				7E68F11D28D1EFA200F63982 /* Assets.xcassets in Resources */,
			);
			runOnlyForDeploymentPostprocessing = 0;
		};
/* End PBXResourcesBuildPhase section */

/* Begin PBXSourcesBuildPhase section */
		7E68F10B28D1EFA200F63982 /* Sources */ = {
			isa = PBXSourcesBuildPhase;
			buildActionMask = 2147483647;
			files = (
				7E68F11A28D1EFA200F63982 /* ContentView.swift in Sources */,
				7E68F11828D1EFA200F63982 /* banco_bradescoApp.swift in Sources */,
				7E68F12A28D213AF00F63982 /* MainTabView.swift in Sources */,
			);
			runOnlyForDeploymentPostprocessing = 0;
		};
		7E68F11128D1EFA200F63982 /* Sources */ = {
			isa = PBXSourcesBuildPhase;
			buildActionMask = 2147483647;
			files = (
				7E68F11B28D1EFA200F63982 /* ContentView.swift in Sources */,
				7E68F11928D1EFA200F63982 /* banco_bradescoApp.swift in Sources */,
				7E68F12B28D213AF00F63982 /* MainTabView.swift in Sources */,
			);
			runOnlyForDeploymentPostprocessing = 0;
		};
/* End PBXSourcesBuildPhase section */

/* Begin XCBuildConfiguration section */
		7E68F11E28D1EFA200F63982 /* Debug */ = {
			isa = XCBuildConfiguration;
			buildSettings = {
				ALWAYS_SEARCH_USER_PATHS = NO;
				CLANG_ANALYZER_NONNULL = YES;
				CLANG_ANALYZER_NUMBER_OBJECT_CONVERSION = YES_AGGRESSIVE;
				CLANG_CXX_LANGUAGE_STANDARD = "gnu++17";
				CLANG_ENABLE_MODULES = YES;
				CLANG_ENABLE_OBJC_ARC = YES;
				CLANG_ENABLE_OBJC_WEAK = YES;
				CLANG_WARN_BLOCK_CAPTURE_AUTORELEASING = YES;
				CLANG_WARN_BOOL_CONVERSION = YES;
				CLANG_WARN_COMMA = YES;
				CLANG_WARN_CONSTANT_CONVERSION = YES;
				CLANG_WARN_DEPRECATED_OBJC_IMPLEMENTATIONS = YES;
				CLANG_WARN_DIRECT_OBJC_ISA_USAGE = YES_ERROR;
				CLANG_WARN_DOCUMENTATION_COMMENTS = YES;
				CLANG_WARN_EMPTY_BODY = YES;
				CLANG_WARN_ENUM_CONVERSION = YES;
				CLANG_WARN_INFINITE_RECURSION = YES;
				CLANG_WARN_INT_CONVERSION = YES;
				CLANG_WARN_NON_LITERAL_NULL_CONVERSION = YES;
				CLANG_WARN_OBJC_IMPLICIT_RETAIN_SELF = YES;
				CLANG_WARN_OBJC_LITERAL_CONVERSION = YES;
				CLANG_WARN_OBJC_ROOT_CLASS = YES_ERROR;
				CLANG_WARN_QUOTED_INCLUDE_IN_FRAMEWORK_HEADER = YES;
				CLANG_WARN_RANGE_LOOP_ANALYSIS = YES;
				CLANG_WARN_STRICT_PROTOTYPES = YES;
				CLANG_WARN_SUSPICIOUS_MOVE = YES;
				CLANG_WARN_UNGUARDED_AVAILABILITY = YES_AGGRESSIVE;
				CLANG_WARN_UNREACHABLE_CODE = YES;
				CLANG_WARN__DUPLICATE_METHOD_MATCH = YES;
				COPY_PHASE_STRIP = NO;
				DEBUG_INFORMATION_FORMAT = dwarf;
				ENABLE_STRICT_OBJC_MSGSEND = YES;
				ENABLE_TESTABILITY = YES;
				GCC_C_LANGUAGE_STANDARD = gnu11;
				GCC_DYNAMIC_NO_PIC = NO;
				GCC_NO_COMMON_BLOCKS = YES;
				GCC_OPTIMIZATION_LEVEL = 0;
				GCC_PREPROCESSOR_DEFINITIONS = (
					"DEBUG=1",
					"$(inherited)",
				);
				GCC_WARN_64_TO_32_BIT_CONVERSION = YES;
				GCC_WARN_ABOUT_RETURN_TYPE = YES_ERROR;
				GCC_WARN_UNDECLARED_SELECTOR = YES;
				GCC_WARN_UNINITIALIZED_AUTOS = YES_AGGRESSIVE;
				GCC_WARN_UNUSED_FUNCTION = YES;
				GCC_WARN_UNUSED_VARIABLE = YES;
				MTL_ENABLE_DEBUG_INFO = INCLUDE_SOURCE;
				MTL_FAST_MATH = YES;
				ONLY_ACTIVE_ARCH = YES;
				SWIFT_ACTIVE_COMPILATION_CONDITIONS = DEBUG;
				SWIFT_OPTIMIZATION_LEVEL = "-Onone";
			};
			name = Debug;
		};
		7E68F11F28D1EFA200F63982 /* Release */ = {
			isa = XCBuildConfiguration;
			buildSettings = {
				ALWAYS_SEARCH_USER_PATHS = NO;
				CLANG_ANALYZER_NONNULL = YES;
				CLANG_ANALYZER_NUMBER_OBJECT_CONVERSION = YES_AGGRESSIVE;
				CLANG_CXX_LANGUAGE_STANDARD = "gnu++17";
				CLANG_ENABLE_MODULES = YES;
				CLANG_ENABLE_OBJC_ARC = YES;
				CLANG_ENABLE_OBJC_WEAK = YES;
				CLANG_WARN_BLOCK_CAPTURE_AUTORELEASING = YES;
				CLANG_WARN_BOOL_CONVERSION = YES;
				CLANG_WARN_COMMA = YES;
				CLANG_WARN_CONSTANT_CONVERSION = YES;
				CLANG_WARN_DEPRECATED_OBJC_IMPLEMENTATIONS = YES;
				CLANG_WARN_DIRECT_OBJC_ISA_USAGE = YES_ERROR;
				CLANG_WARN_DOCUMENTATION_COMMENTS = YES;
				CLANG_WARN_EMPTY_BODY = YES;
				CLANG_WARN_ENUM_CONVERSION = YES;
				CLANG_WARN_INFINITE_RECURSION = YES;
				CLANG_WARN_INT_CONVERSION = YES;
				CLANG_WARN_NON_LITERAL_NULL_CONVERSION = YES;
				CLANG_WARN_OBJC_IMPLICIT_RETAIN_SELF = YES;
				CLANG_WARN_OBJC_LITERAL_CONVERSION = YES;
				CLANG_WARN_OBJC_ROOT_CLASS = YES_ERROR;
				CLANG_WARN_QUOTED_INCLUDE_IN_FRAMEWORK_HEADER = YES;
				CLANG_WARN_RANGE_LOOP_ANALYSIS = YES;
				CLANG_WARN_STRICT_PROTOTYPES = YES;
				CLANG_WARN_SUSPICIOUS_MOVE = YES;
				CLANG_WARN_UNGUARDED_AVAILABILITY = YES_AGGRESSIVE;
				CLANG_WARN_UNREACHABLE_CODE = YES;
				CLANG_WARN__DUPLICATE_METHOD_MATCH = YES;
				COPY_PHASE_STRIP = NO;
				DEBUG_INFORMATION_FORMAT = "dwarf-with-dsym";
				ENABLE_NS_ASSERTIONS = NO;
				ENABLE_STRICT_OBJC_MSGSEND = YES;
				GCC_C_LANGUAGE_STANDARD = gnu11;
				GCC_NO_COMMON_BLOCKS = YES;
				GCC_WARN_64_TO_32_BIT_CONVERSION = YES;
				GCC_WARN_ABOUT_RETURN_TYPE = YES_ERROR;
				GCC_WARN_UNDECLARED_SELECTOR = YES;
				GCC_WARN_UNINITIALIZED_AUTOS = YES_AGGRESSIVE;
				GCC_WARN_UNUSED_FUNCTION = YES;
				GCC_WARN_UNUSED_VARIABLE = YES;
				MTL_ENABLE_DEBUG_INFO = NO;
				MTL_FAST_MATH = YES;
				SWIFT_COMPILATION_MODE = wholemodule;
				SWIFT_OPTIMIZATION_LEVEL = "-O";
			};
			name = Release;
		};
		7E68F12128D1EFA200F63982 /* Debug */ = {
			isa = XCBuildConfiguration;
			buildSettings = {
				ASSETCATALOG_COMPILER_APPICON_NAME = AppIcon;
				ASSETCATALOG_COMPILER_GLOBAL_ACCENT_COLOR_NAME = AccentColor;
				CODE_SIGN_STYLE = Automatic;
				CURRENT_PROJECT_VERSION = 1;
				ENABLE_PREVIEWS = YES;
				GENERATE_INFOPLIST_FILE = YES;
				INFOPLIST_KEY_UIApplicationSceneManifest_Generation = YES;
				INFOPLIST_KEY_UIApplicationSupportsIndirectInputEvents = YES;
				INFOPLIST_KEY_UILaunchScreen_Generation = YES;
				INFOPLIST_KEY_UISupportedInterfaceOrientations_iPad = "UIInterfaceOrientationPortrait UIInterfaceOrientationPortraitUpsideDown UIInterfaceOrientationLandscapeLeft UIInterfaceOrientationLandscapeRight";
				INFOPLIST_KEY_UISupportedInterfaceOrientations_iPhone = "UIInterfaceOrientationPortrait UIInterfaceOrientationLandscapeLeft UIInterfaceOrientationLandscapeRight";
				IPHONEOS_DEPLOYMENT_TARGET = 15.5;
				LD_RUNPATH_SEARCH_PATHS = (
					"$(inherited)",
					"@executable_path/Frameworks",
				);
				MARKETING_VERSION = 1.0;
				PRODUCT_BUNDLE_IDENTIFIER = "sss.banco-layout";
				PRODUCT_NAME = "banco-layout";
				SDKROOT = iphoneos;
				SWIFT_EMIT_LOC_STRINGS = YES;
				SWIFT_VERSION = 5.0;
				TARGETED_DEVICE_FAMILY = "1,2";
			};
			name = Debug;
		};
		7E68F12228D1EFA200F63982 /* Release */ = {
			isa = XCBuildConfiguration;
			buildSettings = {
				ASSETCATALOG_COMPILER_APPICON_NAME = AppIcon;
				ASSETCATALOG_COMPILER_GLOBAL_ACCENT_COLOR_NAME = AccentColor;
				CODE_SIGN_STYLE = Automatic;
				CURRENT_PROJECT_VERSION = 1;
				ENABLE_PREVIEWS = YES;
				GENERATE_INFOPLIST_FILE = YES;
				INFOPLIST_KEY_UIApplicationSceneManifest_Generation = YES;
				INFOPLIST_KEY_UIApplicationSupportsIndirectInputEvents = YES;
				INFOPLIST_KEY_UILaunchScreen_Generation = YES;
				INFOPLIST_KEY_UISupportedInterfaceOrientations_iPad = "UIInterfaceOrientationPortrait UIInterfaceOrientationPortraitUpsideDown UIInterfaceOrientationLandscapeLeft UIInterfaceOrientationLandscapeRight";
				INFOPLIST_KEY_UISupportedInterfaceOrientations_iPhone = "UIInterfaceOrientationPortrait UIInterfaceOrientationLandscapeLeft UIInterfaceOrientationLandscapeRight";
				IPHONEOS_DEPLOYMENT_TARGET = 15.5;
				LD_RUNPATH_SEARCH_PATHS = (
					"$(inherited)",
					"@executable_path/Frameworks",
				);
				MARKETING_VERSION = 1.0;
				PRODUCT_BUNDLE_IDENTIFIER = "sss.banco-layout";
				PRODUCT_NAME = "banco-layout";
				SDKROOT = iphoneos;
				SWIFT_EMIT_LOC_STRINGS = YES;
				SWIFT_VERSION = 5.0;
				TARGETED_DEVICE_FAMILY = "1,2";
				VALIDATE_PRODUCT = YES;
			};
			name = Release;
		};
		7E68F12428D1EFA200F63982 /* Debug */ = {
			isa = XCBuildConfiguration;
			buildSettings = {
				ASSETCATALOG_COMPILER_APPICON_NAME = AppIcon;
				ASSETCATALOG_COMPILER_GLOBAL_ACCENT_COLOR_NAME = AccentColor;
				CODE_SIGN_ENTITLEMENTS = macOS/macOS.entitlements;
				CODE_SIGN_STYLE = Automatic;
				COMBINE_HIDPI_IMAGES = YES;
				CURRENT_PROJECT_VERSION = 1;
				ENABLE_PREVIEWS = YES;
				GENERATE_INFOPLIST_FILE = YES;
				INFOPLIST_KEY_NSHumanReadableCopyright = "";
				LD_RUNPATH_SEARCH_PATHS = (
					"$(inherited)",
					"@executable_path/../Frameworks",
				);
				MACOSX_DEPLOYMENT_TARGET = 12.3;
				MARKETING_VERSION = 1.0;
				PRODUCT_BUNDLE_IDENTIFIER = "sss.banco-bradesco";
				PRODUCT_NAME = "banco-bradesco";
				SDKROOT = macosx;
				SWIFT_EMIT_LOC_STRINGS = YES;
				SWIFT_VERSION = 5.0;
			};
			name = Debug;
		};
		7E68F12528D1EFA200F63982 /* Release */ = {
			isa = XCBuildConfiguration;
			buildSettings = {
				ASSETCATALOG_COMPILER_APPICON_NAME = AppIcon;
				ASSETCATALOG_COMPILER_GLOBAL_ACCENT_COLOR_NAME = AccentColor;
				CODE_SIGN_ENTITLEMENTS = macOS/macOS.entitlements;
				CODE_SIGN_STYLE = Automatic;
				COMBINE_HIDPI_IMAGES = YES;
				CURRENT_PROJECT_VERSION = 1;
				ENABLE_PREVIEWS = YES;
				GENERATE_INFOPLIST_FILE = YES;
				INFOPLIST_KEY_NSHumanReadableCopyright = "";
				LD_RUNPATH_SEARCH_PATHS = (
					"$(inherited)",
					"@executable_path/../Frameworks",
				);
				MACOSX_DEPLOYMENT_TARGET = 12.3;
				MARKETING_VERSION = 1.0;
				PRODUCT_BUNDLE_IDENTIFIER = "sss.banco-bradesco";
				PRODUCT_NAME = "banco-bradesco";
				SDKROOT = macosx;
				SWIFT_EMIT_LOC_STRINGS = YES;
				SWIFT_VERSION = 5.0;
			};
			name = Release;
		};
/* End XCBuildConfiguration section */

/* Begin XCConfigurationList section */
		7E68F10628D1EFA000F63982 /* Build configuration list for PBXProject "banco-bradesco" */ = {
			isa = XCConfigurationList;
			buildConfigurations = (
				7E68F11E28D1EFA200F63982 /* Debug */,
				7E68F11F28D1EFA200F63982 /* Release */,
			);
			defaultConfigurationIsVisible = 0;
			defaultConfigurationName = Release;
		};
		7E68F12028D1EFA200F63982 /* Build configuration list for PBXNativeTarget "banco-bradesco (iOS)" */ = {
			isa = XCConfigurationList;
			buildConfigurations = (
				7E68F12128D1EFA200F63982 /* Debug */,
				7E68F12228D1EFA200F63982 /* Release */,
			);
			defaultConfigurationIsVisible = 0;
			defaultConfigurationName = Release;
		};
		7E68F12328D1EFA200F63982 /* Build configuration list for PBXNativeTarget "banco-bradesco (macOS)" */ = {
			isa = XCConfigurationList;
			buildConfigurations = (
				7E68F12428D1EFA200F63982 /* Debug */,
				7E68F12528D1EFA200F63982 /* Release */,
			);
			defaultConfigurationIsVisible = 0;
			defaultConfigurationName = Release;
		};
/* End XCConfigurationList section */
	};
	rootObject = 7E68F10328D1EFA000F63982 /* Project object */;
}
